// !$*UTF8*$!
{
	archiveVersion = 1;
	classes = {
	};
	objectVersion = 46;
	objects = {

/* Begin PBXBuildFile section */
		3718254C138962CB00BBF8D5 /* Foundation.framework in Frameworks */ = {isa = PBXBuildFile; fileRef = 3718254B138962CB00BBF8D5 /* Foundation.framework */; };
		3718254E138962CB00BBF8D5 /* UIKit.framework in Frameworks */ = {isa = PBXBuildFile; fileRef = 3718254D138962CB00BBF8D5 /* UIKit.framework */; };
		37182550138962CB00BBF8D5 /* CoreGraphics.framework in Frameworks */ = {isa = PBXBuildFile; fileRef = 3718254F138962CB00BBF8D5 /* CoreGraphics.framework */; };
		37182552138962CB00BBF8D5 /* AddressBook.framework in Frameworks */ = {isa = PBXBuildFile; fileRef = 37182551138962CB00BBF8D5 /* AddressBook.framework */; };
		37182554138962CB00BBF8D5 /* AddressBookUI.framework in Frameworks */ = {isa = PBXBuildFile; fileRef = 37182553138962CB00BBF8D5 /* AddressBookUI.framework */; };
		37182556138962CB00BBF8D5 /* AudioToolbox.framework in Frameworks */ = {isa = PBXBuildFile; fileRef = 37182555138962CB00BBF8D5 /* AudioToolbox.framework */; };
		37182558138962CB00BBF8D5 /* AVFoundation.framework in Frameworks */ = {isa = PBXBuildFile; fileRef = 37182557138962CB00BBF8D5 /* AVFoundation.framework */; };
		3718255A138962CB00BBF8D5 /* CoreLocation.framework in Frameworks */ = {isa = PBXBuildFile; fileRef = 37182559138962CB00BBF8D5 /* CoreLocation.framework */; };
		3718255C138962CB00BBF8D5 /* MediaPlayer.framework in Frameworks */ = {isa = PBXBuildFile; fileRef = 3718255B138962CB00BBF8D5 /* MediaPlayer.framework */; };
		3718255E138962CB00BBF8D5 /* QuartzCore.framework in Frameworks */ = {isa = PBXBuildFile; fileRef = 3718255D138962CB00BBF8D5 /* QuartzCore.framework */; };
		37182560138962CB00BBF8D5 /* SystemConfiguration.framework in Frameworks */ = {isa = PBXBuildFile; fileRef = 3718255F138962CB00BBF8D5 /* SystemConfiguration.framework */; };
		37182562138962CB00BBF8D5 /* MobileCoreServices.framework in Frameworks */ = {isa = PBXBuildFile; fileRef = 37182561138962CB00BBF8D5 /* MobileCoreServices.framework */; };
		37182566138962CB00BBF8D5 /* ShadyClient-Info.plist in Resources */ = {isa = PBXBuildFile; fileRef = 37182565138962CB00BBF8D5 /* ShadyClient-Info.plist */; };
		37182569138962CB00BBF8D5 /* InfoPlist.strings in Resources */ = {isa = PBXBuildFile; fileRef = 37182567138962CB00BBF8D5 /* InfoPlist.strings */; };
		3718256C138962CB00BBF8D5 /* main.m in Sources */ = {isa = PBXBuildFile; fileRef = 3718256B138962CB00BBF8D5 /* main.m */; };
		3718256E138962CB00BBF8D5 /* PhoneGap.framework in Frameworks */ = {isa = PBXBuildFile; fileRef = 3718256D138962CB00BBF8D5 /* PhoneGap.framework */; };
		37182572138962CC00BBF8D5 /* icon.png in Resources */ = {isa = PBXBuildFile; fileRef = 37182571138962CC00BBF8D5 /* icon.png */; };
		37182574138962CC00BBF8D5 /* icon@2x.png in Resources */ = {isa = PBXBuildFile; fileRef = 37182573138962CC00BBF8D5 /* icon@2x.png */; };
		37182576138962CC00BBF8D5 /* icon-72.png in Resources */ = {isa = PBXBuildFile; fileRef = 37182575138962CC00BBF8D5 /* icon-72.png */; };
		37182579138962CC00BBF8D5 /* Default.png in Resources */ = {isa = PBXBuildFile; fileRef = 37182578138962CC00BBF8D5 /* Default.png */; };
		3718257B138962CC00BBF8D5 /* Default@2x.png in Resources */ = {isa = PBXBuildFile; fileRef = 3718257A138962CC00BBF8D5 /* Default@2x.png */; };
		3718257D138962CC00BBF8D5 /* Default~iPad.png in Resources */ = {isa = PBXBuildFile; fileRef = 3718257C138962CC00BBF8D5 /* Default~iPad.png */; };
		3718257F138962CC00BBF8D5 /* PhoneGap.plist in Resources */ = {isa = PBXBuildFile; fileRef = 3718257E138962CC00BBF8D5 /* PhoneGap.plist */; };
		37182582138962CC00BBF8D5 /* AppDelegate.h in Resources */ = {isa = PBXBuildFile; fileRef = 37182581138962CC00BBF8D5 /* AppDelegate.h */; };
		37182584138962CC00BBF8D5 /* AppDelegate.m in Sources */ = {isa = PBXBuildFile; fileRef = 37182583138962CC00BBF8D5 /* AppDelegate.m */; };
		37182587138962CC00BBF8D5 /* README in Resources */ = {isa = PBXBuildFile; fileRef = 37182586138962CC00BBF8D5 /* README */; };
		3718258E1389716E00BBF8D5 /* www in Resources */ = {isa = PBXBuildFile; fileRef = 3718258D1389716E00BBF8D5 /* www */; };
/* End PBXBuildFile section */

/* Begin PBXFileReference section */
		37182547138962CB00BBF8D5 /* ShadyClient.app */ = {isa = PBXFileReference; explicitFileType = wrapper.application; includeInIndex = 0; path = ShadyClient.app; sourceTree = BUILT_PRODUCTS_DIR; };
		3718254B138962CB00BBF8D5 /* Foundation.framework */ = {isa = PBXFileReference; lastKnownFileType = wrapper.framework; name = Foundation.framework; path = System/Library/Frameworks/Foundation.framework; sourceTree = SDKROOT; };
		3718254D138962CB00BBF8D5 /* UIKit.framework */ = {isa = PBXFileReference; lastKnownFileType = wrapper.framework; name = UIKit.framework; path = System/Library/Frameworks/UIKit.framework; sourceTree = SDKROOT; };
		3718254F138962CB00BBF8D5 /* CoreGraphics.framework */ = {isa = PBXFileReference; lastKnownFileType = wrapper.framework; name = CoreGraphics.framework; path = System/Library/Frameworks/CoreGraphics.framework; sourceTree = SDKROOT; };
		37182551138962CB00BBF8D5 /* AddressBook.framework */ = {isa = PBXFileReference; lastKnownFileType = wrapper.framework; name = AddressBook.framework; path = System/Library/Frameworks/AddressBook.framework; sourceTree = SDKROOT; };
		37182553138962CB00BBF8D5 /* AddressBookUI.framework */ = {isa = PBXFileReference; lastKnownFileType = wrapper.framework; name = AddressBookUI.framework; path = System/Library/Frameworks/AddressBookUI.framework; sourceTree = SDKROOT; };
		37182555138962CB00BBF8D5 /* AudioToolbox.framework */ = {isa = PBXFileReference; lastKnownFileType = wrapper.framework; name = AudioToolbox.framework; path = System/Library/Frameworks/AudioToolbox.framework; sourceTree = SDKROOT; };
		37182557138962CB00BBF8D5 /* AVFoundation.framework */ = {isa = PBXFileReference; lastKnownFileType = wrapper.framework; name = AVFoundation.framework; path = System/Library/Frameworks/AVFoundation.framework; sourceTree = SDKROOT; };
		37182559138962CB00BBF8D5 /* CoreLocation.framework */ = {isa = PBXFileReference; lastKnownFileType = wrapper.framework; name = CoreLocation.framework; path = System/Library/Frameworks/CoreLocation.framework; sourceTree = SDKROOT; };
		3718255B138962CB00BBF8D5 /* MediaPlayer.framework */ = {isa = PBXFileReference; lastKnownFileType = wrapper.framework; name = MediaPlayer.framework; path = System/Library/Frameworks/MediaPlayer.framework; sourceTree = SDKROOT; };
		3718255D138962CB00BBF8D5 /* QuartzCore.framework */ = {isa = PBXFileReference; lastKnownFileType = wrapper.framework; name = QuartzCore.framework; path = System/Library/Frameworks/QuartzCore.framework; sourceTree = SDKROOT; };
		3718255F138962CB00BBF8D5 /* SystemConfiguration.framework */ = {isa = PBXFileReference; lastKnownFileType = wrapper.framework; name = SystemConfiguration.framework; path = System/Library/Frameworks/SystemConfiguration.framework; sourceTree = SDKROOT; };
		37182561138962CB00BBF8D5 /* MobileCoreServices.framework */ = {isa = PBXFileReference; lastKnownFileType = wrapper.framework; name = MobileCoreServices.framework; path = System/Library/Frameworks/MobileCoreServices.framework; sourceTree = SDKROOT; };
		37182565138962CB00BBF8D5 /* ShadyClient-Info.plist */ = {isa = PBXFileReference; lastKnownFileType = text.plist.xml; path = "ShadyClient-Info.plist"; sourceTree = "<group>"; };
		37182568138962CB00BBF8D5 /* en */ = {isa = PBXFileReference; lastKnownFileType = text.plist.strings; name = en; path = en.lproj/InfoPlist.strings; sourceTree = "<group>"; };
		3718256A138962CB00BBF8D5 /* ShadyClient-Prefix.pch */ = {isa = PBXFileReference; lastKnownFileType = sourcecode.c.h; path = "ShadyClient-Prefix.pch"; sourceTree = "<group>"; };
		3718256B138962CB00BBF8D5 /* main.m */ = {isa = PBXFileReference; lastKnownFileType = sourcecode.c.objc; path = main.m; sourceTree = "<group>"; };
		3718256D138962CB00BBF8D5 /* PhoneGap.framework */ = {isa = PBXFileReference; lastKnownFileType = wrapper.framework; name = PhoneGap.framework; path = /Users/Shared/PhoneGap/Frameworks/PhoneGap.framework; sourceTree = "<absolute>"; };
		37182571138962CC00BBF8D5 /* icon.png */ = {isa = PBXFileReference; lastKnownFileType = image.png; name = icon.png; path = Resources/icons/icon.png; sourceTree = "<group>"; };
		37182573138962CC00BBF8D5 /* icon@2x.png */ = {isa = PBXFileReference; lastKnownFileType = image.png; name = "icon@2x.png"; path = "Resources/icons/icon@2x.png"; sourceTree = "<group>"; };
		37182575138962CC00BBF8D5 /* icon-72.png */ = {isa = PBXFileReference; lastKnownFileType = image.png; name = "icon-72.png"; path = "Resources/icons/icon-72.png"; sourceTree = "<group>"; };
		37182578138962CC00BBF8D5 /* Default.png */ = {isa = PBXFileReference; lastKnownFileType = image.png; name = Default.png; path = Resources/splash/Default.png; sourceTree = "<group>"; };
		3718257A138962CC00BBF8D5 /* Default@2x.png */ = {isa = PBXFileReference; lastKnownFileType = image.png; name = "Default@2x.png"; path = "Resources/splash/Default@2x.png"; sourceTree = "<group>"; };
		3718257C138962CC00BBF8D5 /* Default~iPad.png */ = {isa = PBXFileReference; lastKnownFileType = image.png; name = "Default~iPad.png"; path = "Resources/splash/Default~iPad.png"; sourceTree = "<group>"; };
		3718257E138962CC00BBF8D5 /* PhoneGap.plist */ = {isa = PBXFileReference; lastKnownFileType = text.plist.xml; path = PhoneGap.plist; sourceTree = "<group>"; };
		37182581138962CC00BBF8D5 /* AppDelegate.h */ = {isa = PBXFileReference; lastKnownFileType = sourcecode.c.h; name = AppDelegate.h; path = Classes/AppDelegate.h; sourceTree = "<group>"; };
		37182583138962CC00BBF8D5 /* AppDelegate.m */ = {isa = PBXFileReference; lastKnownFileType = sourcecode.c.objc; name = AppDelegate.m; path = Classes/AppDelegate.m; sourceTree = "<group>"; };
		37182586138962CC00BBF8D5 /* README */ = {isa = PBXFileReference; lastKnownFileType = text; name = README; path = Plugins/README; sourceTree = "<group>"; };
		3718258D1389716E00BBF8D5 /* www */ = {isa = PBXFileReference; lastKnownFileType = folder; path = www; sourceTree = "<group>"; };
/* End PBXFileReference section */

/* Begin PBXFrameworksBuildPhase section */
		37182541138962CB00BBF8D5 /* Frameworks */ = {
			isa = PBXFrameworksBuildPhase;
			buildActionMask = 2147483647;
			files = (
				3718254C138962CB00BBF8D5 /* Foundation.framework in Frameworks */,
				3718254E138962CB00BBF8D5 /* UIKit.framework in Frameworks */,
				37182550138962CB00BBF8D5 /* CoreGraphics.framework in Frameworks */,
				37182552138962CB00BBF8D5 /* AddressBook.framework in Frameworks */,
				37182554138962CB00BBF8D5 /* AddressBookUI.framework in Frameworks */,
				37182556138962CB00BBF8D5 /* AudioToolbox.framework in Frameworks */,
				37182558138962CB00BBF8D5 /* AVFoundation.framework in Frameworks */,
				3718255A138962CB00BBF8D5 /* CoreLocation.framework in Frameworks */,
				3718255C138962CB00BBF8D5 /* MediaPlayer.framework in Frameworks */,
				3718255E138962CB00BBF8D5 /* QuartzCore.framework in Frameworks */,
				37182560138962CB00BBF8D5 /* SystemConfiguration.framework in Frameworks */,
				37182562138962CB00BBF8D5 /* MobileCoreServices.framework in Frameworks */,
				3718256E138962CB00BBF8D5 /* PhoneGap.framework in Frameworks */,
			);
			runOnlyForDeploymentPostprocessing = 0;
		};
		37182544138962CB00BBF8D5 /* Frameworks */ = {
			isa = PBXFrameworksBuildPhase;
			buildActionMask = 2147483647;
			files = (
			);
			runOnlyForDeploymentPostprocessing = 0;
		};
/* End PBXFrameworksBuildPhase section */

/* Begin PBXGroup section */
		37182539138962CB00BBF8D5 = {
			isa = PBXGroup;
			children = (
				3718258D1389716E00BBF8D5 /* www */,
				37182563138962CB00BBF8D5 /* ShadyClient */,
				3718254A138962CB00BBF8D5 /* Frameworks */,
				37182548138962CB00BBF8D5 /* Products */,
			);
			sourceTree = "<group>";
		};
		37182548138962CB00BBF8D5 /* Products */ = {
			isa = PBXGroup;
			children = (
				37182547138962CB00BBF8D5 /* ShadyClient.app */,
			);
			name = Products;
			sourceTree = "<group>";
		};
		3718254A138962CB00BBF8D5 /* Frameworks */ = {
			isa = PBXGroup;
			children = (
				3718254B138962CB00BBF8D5 /* Foundation.framework */,
				3718254D138962CB00BBF8D5 /* UIKit.framework */,
				3718254F138962CB00BBF8D5 /* CoreGraphics.framework */,
				37182551138962CB00BBF8D5 /* AddressBook.framework */,
				37182553138962CB00BBF8D5 /* AddressBookUI.framework */,
				37182555138962CB00BBF8D5 /* AudioToolbox.framework */,
				37182557138962CB00BBF8D5 /* AVFoundation.framework */,
				37182559138962CB00BBF8D5 /* CoreLocation.framework */,
				3718255B138962CB00BBF8D5 /* MediaPlayer.framework */,
				3718255D138962CB00BBF8D5 /* QuartzCore.framework */,
				3718255F138962CB00BBF8D5 /* SystemConfiguration.framework */,
				37182561138962CB00BBF8D5 /* MobileCoreServices.framework */,
			);
			name = Frameworks;
			sourceTree = "<group>";
		};
		37182563138962CB00BBF8D5 /* ShadyClient */ = {
			isa = PBXGroup;
			children = (
				3718256D138962CB00BBF8D5 /* PhoneGap.framework */,
				3718256F138962CC00BBF8D5 /* Resources */,
				37182580138962CC00BBF8D5 /* Classes */,
				37182585138962CC00BBF8D5 /* Plugins */,
				37182564138962CB00BBF8D5 /* Supporting Files */,
			);
			path = ShadyClient;
			sourceTree = "<group>";
		};
		37182564138962CB00BBF8D5 /* Supporting Files */ = {
			isa = PBXGroup;
			children = (
				37182565138962CB00BBF8D5 /* ShadyClient-Info.plist */,
				37182567138962CB00BBF8D5 /* InfoPlist.strings */,
				3718256A138962CB00BBF8D5 /* ShadyClient-Prefix.pch */,
				3718256B138962CB00BBF8D5 /* main.m */,
				3718257E138962CC00BBF8D5 /* PhoneGap.plist */,
			);
			name = "Supporting Files";
			sourceTree = "<group>";
		};
		3718256F138962CC00BBF8D5 /* Resources */ = {
			isa = PBXGroup;
			children = (
				37182570138962CC00BBF8D5 /* icons */,
				37182577138962CC00BBF8D5 /* splash */,
			);
			name = Resources;
			sourceTree = "<group>";
		};
		37182570138962CC00BBF8D5 /* icons */ = {
			isa = PBXGroup;
			children = (
				37182571138962CC00BBF8D5 /* icon.png */,
				37182573138962CC00BBF8D5 /* icon@2x.png */,
				37182575138962CC00BBF8D5 /* icon-72.png */,
			);
			name = icons;
			sourceTree = "<group>";
		};
		37182577138962CC00BBF8D5 /* splash */ = {
			isa = PBXGroup;
			children = (
				37182578138962CC00BBF8D5 /* Default.png */,
				3718257A138962CC00BBF8D5 /* Default@2x.png */,
				3718257C138962CC00BBF8D5 /* Default~iPad.png */,
			);
			name = splash;
			sourceTree = "<group>";
		};
		37182580138962CC00BBF8D5 /* Classes */ = {
			isa = PBXGroup;
			children = (
				37182581138962CC00BBF8D5 /* AppDelegate.h */,
				37182583138962CC00BBF8D5 /* AppDelegate.m */,
			);
			name = Classes;
			sourceTree = "<group>";
		};
		37182585138962CC00BBF8D5 /* Plugins */ = {
			isa = PBXGroup;
			children = (
				37182586138962CC00BBF8D5 /* README */,
			);
			name = Plugins;
			sourceTree = "<group>";
		};
/* End PBXGroup section */

/* Begin PBXNativeTarget section */
		37182546138962CB00BBF8D5 /* ShadyClient */ = {
			isa = PBXNativeTarget;
			buildConfigurationList = 3718258A138962CC00BBF8D5 /* Build configuration list for PBXNativeTarget "ShadyClient" */;
			buildPhases = (
				37182540138962CB00BBF8D5 /* Sources */,
				37182541138962CB00BBF8D5 /* Frameworks */,
				37182542138962CB00BBF8D5 /* Resources */,
				37182543138962CB00BBF8D5 /* Sources */,
				37182544138962CB00BBF8D5 /* Frameworks */,
				37182545138962CB00BBF8D5 /* ShellScript */,
			);
			buildRules = (
			);
			dependencies = (
			);
			name = ShadyClient;
			productName = ShadyClient;
			productReference = 37182547138962CB00BBF8D5 /* ShadyClient.app */;
			productType = "com.apple.product-type.application";
		};
/* End PBXNativeTarget section */

/* Begin PBXProject section */
		3718253B138962CB00BBF8D5 /* Project object */ = {
			isa = PBXProject;
			buildConfigurationList = 3718253E138962CB00BBF8D5 /* Build configuration list for PBXProject "ShadyClient" */;
			compatibilityVersion = "Xcode 3.2";
			developmentRegion = English;
			hasScannedForEncodings = 0;
			knownRegions = (
				en,
			);
			mainGroup = 37182539138962CB00BBF8D5;
			productRefGroup = 37182548138962CB00BBF8D5 /* Products */;
			projectDirPath = "";
			projectRoot = "";
			targets = (
				37182546138962CB00BBF8D5 /* ShadyClient */,
			);
		};
/* End PBXProject section */

/* Begin PBXResourcesBuildPhase section */
		37182542138962CB00BBF8D5 /* Resources */ = {
			isa = PBXResourcesBuildPhase;
			buildActionMask = 2147483647;
			files = (
				37182566138962CB00BBF8D5 /* ShadyClient-Info.plist in Resources */,
				37182569138962CB00BBF8D5 /* InfoPlist.strings in Resources */,
				37182572138962CC00BBF8D5 /* icon.png in Resources */,
				37182574138962CC00BBF8D5 /* icon@2x.png in Resources */,
				37182576138962CC00BBF8D5 /* icon-72.png in Resources */,
				37182579138962CC00BBF8D5 /* Default.png in Resources */,
				3718257B138962CC00BBF8D5 /* Default@2x.png in Resources */,
				3718257D138962CC00BBF8D5 /* Default~iPad.png in Resources */,
				3718257F138962CC00BBF8D5 /* PhoneGap.plist in Resources */,
				37182582138962CC00BBF8D5 /* AppDelegate.h in Resources */,
				37182587138962CC00BBF8D5 /* README in Resources */,
				3718258E1389716E00BBF8D5 /* www in Resources */,
			);
			runOnlyForDeploymentPostprocessing = 0;
		};
/* End PBXResourcesBuildPhase section */

/* Begin PBXShellScriptBuildPhase section */
		37182545138962CB00BBF8D5 /* ShellScript */ = {
			isa = PBXShellScriptBuildPhase;
			buildActionMask = 2147483647;
			files = (
			);
			inputPaths = (
			);
			outputPaths = (
			);
			runOnlyForDeploymentPostprocessing = 0;
			shellPath = /bin/bash;
			shellScript = "\n\t\t\t\t\t\t\t\tif [ ! -d \"$PROJECT_DIR/www\" ]; then\n                                    echo \"******************************************************************************************\"\n                                    echo \"!!!WARNING!!!\"\n                                    echo \" \"\n\t\t\t\t\t\t\t\t    echo \"The www folder $PROJECT_DIR/www does not exist. Copying sample.\"\n\t\t\t\t\t\t\t\t\tcp -R /Users/Shared/PhoneGap/Frameworks/PhoneGap.framework/www \"$PROJECT_DIR\"\n\t\t\t\t\t\t\t\t\techo \"Add $PROJECT_DIR/www as a folder reference in your project.\"\n                                    echo \"Just drag and drop the folder into your project, in Xcode 4.\"\n                                    echo \" \"\n\t\t\t\t\t\t\t\t\techo \"******************************************************************************************\"\n\t\t\t\t\t\t\t\t\texit 1 \n\t\t\t\t\t\t\t\tfi\n\t\t\t\t\t\t\t";
		};
/* End PBXShellScriptBuildPhase section */

/* Begin PBXSourcesBuildPhase section */
		37182540138962CB00BBF8D5 /* Sources */ = {
			isa = PBXSourcesBuildPhase;
			buildActionMask = 2147483647;
			files = (
				3718256C138962CB00BBF8D5 /* main.m in Sources */,
				37182584138962CC00BBF8D5 /* AppDelegate.m in Sources */,
			);
			runOnlyForDeploymentPostprocessing = 0;
		};
		37182543138962CB00BBF8D5 /* Sources */ = {
			isa = PBXSourcesBuildPhase;
			buildActionMask = 2147483647;
			files = (
			);
			runOnlyForDeploymentPostprocessing = 0;
		};
/* End PBXSourcesBuildPhase section */

/* Begin PBXVariantGroup section */
		37182567138962CB00BBF8D5 /* InfoPlist.strings */ = {
			isa = PBXVariantGroup;
			children = (
				37182568138962CB00BBF8D5 /* en */,
			);
			name = InfoPlist.strings;
			sourceTree = "<group>";
		};
/* End PBXVariantGroup section */

/* Begin XCBuildConfiguration section */
		37182588138962CC00BBF8D5 /* Debug */ = {
			isa = XCBuildConfiguration;
			buildSettings = {
				ARCHS = "$(ARCHS_STANDARD_32_BIT)";
				"CODE_SIGN_IDENTITY[sdk=iphoneos*]" = "iPhone Developer";
				GCC_C_LANGUAGE_STANDARD = gnu99;
				GCC_OPTIMIZATION_LEVEL = 0;
				GCC_PREPROCESSOR_DEFINITIONS = DEBUG;
				GCC_SYMBOLS_PRIVATE_EXTERN = NO;
				GCC_VERSION = com.apple.compilers.llvmgcc42;
				GCC_WARN_ABOUT_RETURN_TYPE = YES;
				GCC_WARN_UNUSED_VARIABLE = YES;
				IPHONEOS_DEPLOYMENT_TARGET = 3.1;
				SDKROOT = iphoneos;
			};
			name = Debug;
		};
		37182589138962CC00BBF8D5 /* Release */ = {
			isa = XCBuildConfiguration;
			buildSettings = {
				ARCHS = "$(ARCHS_STANDARD_32_BIT)";
				"CODE_SIGN_IDENTITY[sdk=iphoneos*]" = "iPhone Developer";
				GCC_C_LANGUAGE_STANDARD = gnu99;
				GCC_VERSION = com.apple.compilers.llvmgcc42;
				GCC_WARN_ABOUT_RETURN_TYPE = YES;
				GCC_WARN_UNUSED_VARIABLE = YES;
				IPHONEOS_DEPLOYMENT_TARGET = 3.1;
				SDKROOT = iphoneos;
			};
			name = Release;
		};
		3718258B138962CC00BBF8D5 /* Debug */ = {
			isa = XCBuildConfiguration;
			buildSettings = {
				ALWAYS_SEARCH_USER_PATHS = YES;
				COPY_PHASE_STRIP = NO;
				FRAMEWORK_SEARCH_PATHS = /Users/Shared/PhoneGap/Frameworks;
				GCC_DYNAMIC_NO_PIC = NO;
				GCC_PRECOMPILE_PREFIX_HEADER = YES;
				GCC_PREFIX_HEADER = "ShadyClient/ShadyClient-Prefix.pch";
				GCC_PREPROCESSOR_DEFINITIONS = "PHONEGAP_FRAMEWORK=YES";
				INFOPLIST_FILE = "ShadyClient/ShadyClient-Info.plist";
				IPHONEOS_DEPLOYMENT_TARGET = 4.3;
				PRODUCT_NAME = "$(TARGET_NAME)";
				TARGETED_DEVICE_FAMILY = "1,2";
				WRAPPER_EXTENSION = app;
			};
			name = Debug;
		};
		3718258C138962CC00BBF8D5 /* Release */ = {
			isa = XCBuildConfiguration;
			buildSettings = {
				ALWAYS_SEARCH_USER_PATHS = YES;
				COPY_PHASE_STRIP = YES;
				DEBUG_INFORMATION_FORMAT = "dwarf-with-dsym";
				FRAMEWORK_SEARCH_PATHS = /Users/Shared/PhoneGap/Frameworks;
				GCC_PRECOMPILE_PREFIX_HEADER = YES;
				GCC_PREFIX_HEADER = "ShadyClient/ShadyClient-Prefix.pch";
				GCC_PREPROCESSOR_DEFINITIONS = "PHONEGAP_FRAMEWORK=YES";
				INFOPLIST_FILE = "ShadyClient/ShadyClient-Info.plist";
				IPHONEOS_DEPLOYMENT_TARGET = 4.3;
				PRODUCT_NAME = "$(TARGET_NAME)";
				TARGETED_DEVICE_FAMILY = "1,2";
				VALIDATE_PRODUCT = YES;
				WRAPPER_EXTENSION = app;
			};
			name = Release;
		};
/* End XCBuildConfiguration section */

/* Begin XCConfigurationList section */
		3718253E138962CB00BBF8D5 /* Build configuration list for PBXProject "ShadyClient" */ = {
			isa = XCConfigurationList;
			buildConfigurations = (
				37182588138962CC00BBF8D5 /* Debug */,
				37182589138962CC00BBF8D5 /* Release */,
			);
			defaultConfigurationIsVisible = 0;
			defaultConfigurationName = Release;
		};
		3718258A138962CC00BBF8D5 /* Build configuration list for PBXNativeTarget "ShadyClient" */ = {
			isa = XCConfigurationList;
			buildConfigurations = (
				3718258B138962CC00BBF8D5 /* Debug */,
				3718258C138962CC00BBF8D5 /* Release */,
			);
			defaultConfigurationIsVisible = 0;
		};
/* End XCConfigurationList section */
	};
	rootObject = 3718253B138962CB00BBF8D5 /* Project object */;
}
